
Microsoft Visual Studio Solution File, Format Version 12.00
# Visual Studio Version 17
VisualStudioVersion = 17.5.33530.505
MinimumVisualStudioVersion = 10.0.40219.1
Project("{9A19103F-16F7-4668-BE54-9A1E7A4F7556}") = "AE_NASA_APOD", "AE_NASA_APOD\AE_NASA_APOD.csproj", "{C017722D-7AB7-4969-90AF-82DAC3B1AF91}"
	ProjectSection(ProjectDependencies) = postProject
		{6689AEB5-5D8A-4CF4-85DC-A5B46776B6CA} = {6689AEB5-5D8A-4CF4-85DC-A5B46776B6CA}
		{AB7C8545-A6BE-4EE8-93E2-9F071E4D7719} = {AB7C8545-A6BE-4EE8-93E2-9F071E4D7719}
	EndProjectSection
EndProject
Project("{2150E333-8FDC-42A3-9474-1A3956D46DE8}") = "BusinessLayer", "BusinessLayer", "{1CADB239-8925-4130-8D79-FB8D161C3224}"
EndProject
Project("{9A19103F-16F7-4668-BE54-9A1E7A4F7556}") = "BusinessDTOs", "BusinessDTOs\BusinessDTOs.csproj", "{DAD5A68A-C1AC-4E52-B537-9E2EE44B78B1}"
	ProjectSection(ProjectDependencies) = postProject
		{9D85CAD0-A6AD-4580-A8C9-D58C27ADF804} = {9D85CAD0-A6AD-4580-A8C9-D58C27ADF804}
		{AB7C8545-A6BE-4EE8-93E2-9F071E4D7719} = {AB7C8545-A6BE-4EE8-93E2-9F071E4D7719}
		{B21B2ACE-3295-4CEA-8B86-837BEB40352C} = {B21B2ACE-3295-4CEA-8B86-837BEB40352C}
	EndProjectSection
EndProject
Project("{9A19103F-16F7-4668-BE54-9A1E7A4F7556}") = "BusinessExceptions", "BusinessExceptions\BusinessExceptions.csproj", "{3A7847F3-2357-4530-A6EB-4C6A21511A0A}"
EndProject
Project("{9A19103F-16F7-4668-BE54-9A1E7A4F7556}") = "BusinessServices", "BusinessServices\BusinessServices.csproj", "{B21B2ACE-3295-4CEA-8B86-837BEB40352C}"
EndProject
Project("{2150E333-8FDC-42A3-9474-1A3956D46DE8}") = "DataAccessLayer", "DataAccessLayer", "{52692288-FD82-4423-9A2D-1A2D3C4B6B2F}"
EndProject
Project("{9A19103F-16F7-4668-BE54-9A1E7A4F7556}") = "DataAccessModels", "DataAccessModels\DataAccessModels.csproj", "{AB7C8545-A6BE-4EE8-93E2-9F071E4D7719}"
EndProject
Project("{9A19103F-16F7-4668-BE54-9A1E7A4F7556}") = "DataAccessRepositories", "DataAccessRepositories\DataAccessRepositories.csproj", "{9D85CAD0-A6AD-4580-A8C9-D58C27ADF804}"
EndProject
Project("{2150E333-8FDC-42A3-9474-1A3956D46DE8}") = "PresentationLayer", "PresentationLayer", "{4BD3975A-A27D-4130-B13F-EEA2FCE34CEA}"
EndProject
Project("{9A19103F-16F7-4668-BE54-9A1E7A4F7556}") = "BusinessQueryParameters", "BusinessQueryParameters\BusinessQueryParameters.csproj", "{6689AEB5-5D8A-4CF4-85DC-A5B46776B6CA}"
	ProjectSection(ProjectDependencies) = postProject
		{AB7C8545-A6BE-4EE8-93E2-9F071E4D7719} = {AB7C8545-A6BE-4EE8-93E2-9F071E4D7719}
	EndProjectSection
EndProject
Project("{9A19103F-16F7-4668-BE54-9A1E7A4F7556}") = "Mapper", "Mapper\Mapper.csproj", "{0EE61F33-CCA2-4118-BE18-77A6B27E1695}"
EndProject
Global
	GlobalSection(SolutionConfigurationPlatforms) = preSolution
		Debug|Any CPU = Debug|Any CPU
		Release|Any CPU = Release|Any CPU
	EndGlobalSection
	GlobalSection(ProjectConfigurationPlatforms) = postSolution
		{C017722D-7AB7-4969-90AF-82DAC3B1AF91}.Debug|Any CPU.ActiveCfg = Debug|Any CPU
		{C017722D-7AB7-4969-90AF-82DAC3B1AF91}.Debug|Any CPU.Build.0 = Debug|Any CPU
		{C017722D-7AB7-4969-90AF-82DAC3B1AF91}.Release|Any CPU.ActiveCfg = Release|Any CPU
		{C017722D-7AB7-4969-90AF-82DAC3B1AF91}.Release|Any CPU.Build.0 = Release|Any CPU
		{DAD5A68A-C1AC-4E52-B537-9E2EE44B78B1}.Debug|Any CPU.ActiveCfg = Debug|Any CPU
		{DAD5A68A-C1AC-4E52-B537-9E2EE44B78B1}.Debug|Any CPU.Build.0 = Debug|Any CPU
		{DAD5A68A-C1AC-4E52-B537-9E2EE44B78B1}.Release|Any CPU.ActiveCfg = Release|Any CPU
		{DAD5A68A-C1AC-4E52-B537-9E2EE44B78B1}.Release|Any CPU.Build.0 = Release|Any CPU
		{3A7847F3-2357-4530-A6EB-4C6A21511A0A}.Debug|Any CPU.ActiveCfg = Debug|Any CPU
		{3A7847F3-2357-4530-A6EB-4C6A21511A0A}.Debug|Any CPU.Build.0 = Debug|Any CPU
		{3A7847F3-2357-4530-A6EB-4C6A21511A0A}.Release|Any CPU.ActiveCfg = Release|Any CPU
		{3A7847F3-2357-4530-A6EB-4C6A21511A0A}.Release|Any CPU.Build.0 = Release|Any CPU
		{B21B2ACE-3295-4CEA-8B86-837BEB40352C}.Debug|Any CPU.ActiveCfg = Debug|Any CPU
		{B21B2ACE-3295-4CEA-8B86-837BEB40352C}.Debug|Any CPU.Build.0 = Debug|Any CPU
		{B21B2ACE-3295-4CEA-8B86-837BEB40352C}.Release|Any CPU.ActiveCfg = Release|Any CPU
		{B21B2ACE-3295-4CEA-8B86-837BEB40352C}.Release|Any CPU.Build.0 = Release|Any CPU
		{AB7C8545-A6BE-4EE8-93E2-9F071E4D7719}.Debug|Any CPU.ActiveCfg = Debug|Any CPU
		{AB7C8545-A6BE-4EE8-93E2-9F071E4D7719}.Debug|Any CPU.Build.0 = Debug|Any CPU
		{AB7C8545-A6BE-4EE8-93E2-9F071E4D7719}.Release|Any CPU.ActiveCfg = Release|Any CPU
		{AB7C8545-A6BE-4EE8-93E2-9F071E4D7719}.Release|Any CPU.Build.0 = Release|Any CPU
		{9D85CAD0-A6AD-4580-A8C9-D58C27ADF804}.Debug|Any CPU.ActiveCfg = Debug|Any CPU
		{9D85CAD0-A6AD-4580-A8C9-D58C27ADF804}.Debug|Any CPU.Build.0 = Debug|Any CPU
		{9D85CAD0-A6AD-4580-A8C9-D58C27ADF804}.Release|Any CPU.ActiveCfg = Release|Any CPU
		{9D85CAD0-A6AD-4580-A8C9-D58C27ADF804}.Release|Any CPU.Build.0 = Release|Any CPU
		{6689AEB5-5D8A-4CF4-85DC-A5B46776B6CA}.Debug|Any CPU.ActiveCfg = Debug|Any CPU
		{6689AEB5-5D8A-4CF4-85DC-A5B46776B6CA}.Debug|Any CPU.Build.0 = Debug|Any CPU
		{6689AEB5-5D8A-4CF4-85DC-A5B46776B6CA}.Release|Any CPU.ActiveCfg = Release|Any CPU
		{6689AEB5-5D8A-4CF4-85DC-A5B46776B6CA}.Release|Any CPU.Build.0 = Release|Any CPU
		{0EE61F33-CCA2-4118-BE18-77A6B27E1695}.Debug|Any CPU.ActiveCfg = Debug|Any CPU
		{0EE61F33-CCA2-4118-BE18-77A6B27E1695}.Debug|Any CPU.Build.0 = Debug|Any CPU
		{0EE61F33-CCA2-4118-BE18-77A6B27E1695}.Release|Any CPU.ActiveCfg = Release|Any CPU
		{0EE61F33-CCA2-4118-BE18-77A6B27E1695}.Release|Any CPU.Build.0 = Release|Any CPU
	EndGlobalSection
	GlobalSection(SolutionProperties) = preSolution
		HideSolutionNode = FALSE
	EndGlobalSection
	GlobalSection(NestedProjects) = preSolution
		{C017722D-7AB7-4969-90AF-82DAC3B1AF91} = {4BD3975A-A27D-4130-B13F-EEA2FCE34CEA}
		{DAD5A68A-C1AC-4E52-B537-9E2EE44B78B1} = {1CADB239-8925-4130-8D79-FB8D161C3224}
		{3A7847F3-2357-4530-A6EB-4C6A21511A0A} = {1CADB239-8925-4130-8D79-FB8D161C3224}
		{B21B2ACE-3295-4CEA-8B86-837BEB40352C} = {1CADB239-8925-4130-8D79-FB8D161C3224}
		{AB7C8545-A6BE-4EE8-93E2-9F071E4D7719} = {52692288-FD82-4423-9A2D-1A2D3C4B6B2F}
		{9D85CAD0-A6AD-4580-A8C9-D58C27ADF804} = {52692288-FD82-4423-9A2D-1A2D3C4B6B2F}
		{6689AEB5-5D8A-4CF4-85DC-A5B46776B6CA} = {1CADB239-8925-4130-8D79-FB8D161C3224}
		{0EE61F33-CCA2-4118-BE18-77A6B27E1695} = {1CADB239-8925-4130-8D79-FB8D161C3224}
	EndGlobalSection
	GlobalSection(ExtensibilityGlobals) = postSolution
		SolutionGuid = {6BE4CC81-7FF2-4F61-A0E3-1C46B294822B}
	EndGlobalSection
EndGlobal
